{
    "_meta": {
        "hash": {
            "sha256": "4f2abaaa016c9456f597b33d2720c07088b9a6a1ee29afda87700e326dd8aafe"
        },
        "pipfile-spec": 6,
        "requires": {
            "python_version": "3.6"
        },
        "sources": [
            {
                "name": "pypi",
                "url": "https://pypi.org/simple",
                "verify_ssl": true
            }
        ]
    },
    "default": {
        "atomicwrites": {
            "hashes": [
                "sha256:6d1784dea7c0c8d4a5172b6c620f40b6e4cbfdf96d783691f2e1302a7b88e197",
                "sha256:ae70396ad1a434f9c7046fd2dd196fc04b12f9e91ffb859164193be8b6168a7a"
            ],
            "version": "==1.4.0"
        },
        "attrs": {
            "hashes": [
                "sha256:31b2eced602aa8423c2aea9c76a724617ed67cf9513173fd3a4f03e3a929c7e6",
                "sha256:832aa3cde19744e49938b91fea06d69ecb9e649c93ba974535d08ad92164f700"
            ],
            "version": "==20.3.0"
        },
        "bidict": {
            "hashes": [
                "sha256:4fa46f7ff96dc244abfc437383d987404ae861df797e2fd5b190e233c302be09",
                "sha256:929d056e8d0d9b17ceda20ba5b24ac388e2a4d39802b87f9f4d3f45ecba070bf"
            ],
            "version": "==0.21.2"
        },
        "certifi": {
            "hashes": [
                "sha256:1a4995114262bffbc2413b159f2a1a480c969de6e6eb13ee966d470af86af59c",
                "sha256:719a74fb9e33b9bd44cc7f3a8d94bc35e4049deebe19ba7d8e108280cfd59830"
            ],
            "version": "==2020.12.5"
        },
        "chardet": {
            "hashes": [
                "sha256:84ab92ed1c4d4f16916e05906b6b75a6c0fb5db821cc65e70cbd64a3e2a5eaae",
                "sha256:fc323ffcaeaed0e0a02bf4d117757b98aed530d9ed4531e3e15460124c106691"
            ],
            "version": "==3.0.4"
        },
        "click": {
            "hashes": [
                "sha256:d2b5255c7c6349bc1bd1e59e08cd12acbbd63ce649f2588755783aa94dfb6b1a",
                "sha256:dacca89f4bfadd5de3d7489b7c8a566eee0d3676333fbb50030263894c38c0dc"
            ],
            "version": "==7.1.2"
        },
        "cx-oracle": {
            "hashes": [
                "sha256:04019e5577a611bfa7383177807efab9d51247932b2150992e2b4990a5abc463",
                "sha256:14ce40d777acecf4b62d805d1a96cc4de813623f90aa1ca6db84a0f47ddbaa4a",
                "sha256:22d7c5e6a7e6e5c2d3127ff6db03c627a083c16d4b8173e4ef90fd6382d439fb",
                "sha256:2cb278ba2e804307ef44f7fee0287148167ad068282790a9cd77138814081bf7",
                "sha256:5c53b22d91ee667e4e3613119e79f1ddb52a6805b7b7975894fb8fd3dd731b25",
                "sha256:72845bb470817d4b95c1a2d7e9ade35d586d07a74b05ebe9a7783fd9ace3fd26",
                "sha256:740c42ea154f3eff6277563cd6ab82e089bedf3f16169f6f16b08294e8464400",
                "sha256:8b3caf43fec045fec915eaa73997b611851ef851300353b259209f8ef10ae507",
                "sha256:8f12c455fc46a9b8f3fe8bb09774bd5af7e5a927597b8aa084b0e2a584368358",
                "sha256:a932e33eb359eca45109d64be97dcd965206d1fb627b1d2b5bb0149eaae12c26",
                "sha256:b058d47eebb5b374920061e00aa0d42ad562d833b8486833c24cc6fe15f8cb49",
                "sha256:dfb8a58d3115a28301186060cef42284e1ae03bca526b906b562856756563fac",
                "sha256:e1af2668ab283e956523cf6b12149b09ae13855c4bdf5662168a2ab59c3bff2d",
                "sha256:e7175d5d181d6722071091fc6f49e66a5e155572aee195fd2c8e612f2a586294"
            ],
            "index": "pypi",
            "version": "==7.2.3"
        },
        "dnspython": {
            "hashes": [
                "sha256:95d12f6ef0317118d2a1a6fc49aac65ffec7eb8087474158f42f26a639135216",
                "sha256:e4a87f0b573201a0f3727fa18a516b055fd1107e0e5477cded4a2de497df1dd4"
            ],
            "version": "==2.1.0"
        },
        "dominate": {
            "hashes": [
                "sha256:76ec2cde23700a6fc4fee098168b9dee43b99c2f1dd0ca6a711f683e8eb7e1e4",
                "sha256:84b5f71ed30021193cb0faa45d7776e1083f392cfe67a49f44e98cb2ed76c036"
            ],
            "version": "==2.6.0"
        },
        "eventlet": {
            "hashes": [
                "sha256:658b1cd80937adc1a4860de2841e0528f64e2ca672885c4e00fc0e2217bde6b1",
                "sha256:6c9c625af48424c4680d89314dbe45a76cc990cf002489f9469ff214b044ffc1"
            ],
            "index": "pypi",
            "version": "==0.25.1"
        },
        "flask": {
            "hashes": [
                "sha256:13f9f196f330c7c2c5d7a5cf91af894110ca0215ac051b5844701f2bfd934d52",
                "sha256:45eb5a6fd193d6cf7e0cf5d8a5b31f83d5faae0293695626f539a823e93b13f6"
            ],
            "index": "pypi",
            "version": "==1.1.1"
        },
        "flask-bootstrap": {
            "hashes": [
                "sha256:cb08ed940183f6343a64e465e83b3a3f13c53e1baabb8d72b5da4545ef123ac8"
            ],
            "index": "pypi",
            "version": "==3.3.7.1"
        },
        "flask-socketio": {
            "hashes": [
                "sha256:2172dff1e42415ba480cee02c30c2fc833671ff326f1598ee3d69aa02cf768ec",
                "sha256:7ff5b2f5edde23e875a8b0abf868584e5706e11741557449bc5147df2cd78268"
            ],
            "index": "pypi",
            "version": "==4.2.1"
        },
        "flask-wtf": {
            "hashes": [
                "sha256:5d14d55cfd35f613d99ee7cba0fc3fbbe63ba02f544d349158c14ca15561cc36",
                "sha256:d9a9e366b32dcbb98ef17228e76be15702cd2600675668bca23f63a7947fd5ac"
            ],
            "index": "pypi",
            "version": "==0.14.2"
        },
        "greenlet": {
            "hashes": [
                "sha256:0a77691f0080c9da8dfc81e23f4e3cffa5accf0f5b56478951016d7cfead9196",
                "sha256:0ddd77586553e3daf439aa88b6642c5f252f7ef79a39271c25b1d4bf1b7cbb85",
                "sha256:111cfd92d78f2af0bc7317452bd93a477128af6327332ebf3c2be7df99566683",
                "sha256:122c63ba795fdba4fc19c744df6277d9cfd913ed53d1a286f12189a0265316dd",
                "sha256:181300f826625b7fd1182205b830642926f52bd8cdb08b34574c9d5b2b1813f7",
                "sha256:1a1ada42a1fd2607d232ae11a7b3195735edaa49ea787a6d9e6a53afaf6f3476",
                "sha256:1bb80c71de788b36cefb0c3bb6bfab306ba75073dbde2829c858dc3ad70f867c",
                "sha256:1d1d4473ecb1c1d31ce8fd8d91e4da1b1f64d425c1dc965edc4ed2a63cfa67b2",
                "sha256:292e801fcb3a0b3a12d8c603c7cf340659ea27fd73c98683e75800d9fd8f704c",
                "sha256:2c65320774a8cd5fdb6e117c13afa91c4707548282464a18cf80243cf976b3e6",
                "sha256:4365eccd68e72564c776418c53ce3c5af402bc526fe0653722bc89efd85bf12d",
                "sha256:5352c15c1d91d22902582e891f27728d8dac3bd5e0ee565b6a9f575355e6d92f",
                "sha256:58ca0f078d1c135ecf1879d50711f925ee238fe773dfe44e206d7d126f5bc664",
                "sha256:5d4030b04061fdf4cbc446008e238e44936d77a04b2b32f804688ad64197953c",
                "sha256:5d69bbd9547d3bc49f8a545db7a0bd69f407badd2ff0f6e1a163680b5841d2b0",
                "sha256:5f297cb343114b33a13755032ecf7109b07b9a0020e841d1c3cedff6602cc139",
                "sha256:62afad6e5fd70f34d773ffcbb7c22657e1d46d7fd7c95a43361de979f0a45aef",
                "sha256:647ba1df86d025f5a34043451d7c4a9f05f240bee06277a524daad11f997d1e7",
                "sha256:719e169c79255816cdcf6dccd9ed2d089a72a9f6c42273aae12d55e8d35bdcf8",
                "sha256:7cd5a237f241f2764324396e06298b5dee0df580cf06ef4ada0ff9bff851286c",
                "sha256:875d4c60a6299f55df1c3bb870ebe6dcb7db28c165ab9ea6cdc5d5af36bb33ce",
                "sha256:90b6a25841488cf2cb1c8623a53e6879573010a669455046df5f029d93db51b7",
                "sha256:94620ed996a7632723a424bccb84b07e7b861ab7bb06a5aeb041c111dd723d36",
                "sha256:b5f1b333015d53d4b381745f5de842f19fe59728b65f0fbb662dafbe2018c3a5",
                "sha256:c5b22b31c947ad8b6964d4ed66776bcae986f73669ba50620162ba7c832a6b6a",
                "sha256:c93d1a71c3fe222308939b2e516c07f35a849c5047f0197442a4d6fbcb4128ee",
                "sha256:cdb90267650c1edb54459cdb51dab865f6c6594c3a47ebd441bc493360c7af70",
                "sha256:cfd06e0f0cc8db2a854137bd79154b61ecd940dce96fad0cba23fe31de0b793c",
                "sha256:d3789c1c394944084b5e57c192889985a9f23bd985f6d15728c745d380318128",
                "sha256:da7d09ad0f24270b20f77d56934e196e982af0d0a2446120cb772be4e060e1a2",
                "sha256:df3e83323268594fa9755480a442cabfe8d82b21aba815a71acf1bb6c1776218",
                "sha256:df8053867c831b2643b2c489fe1d62049a98566b1646b194cc815f13e27b90df",
                "sha256:e1128e022d8dce375362e063754e129750323b67454cac5600008aad9f54139e",
                "sha256:e6e9fdaf6c90d02b95e6b0709aeb1aba5affbbb9ccaea5502f8638e4323206be",
                "sha256:eac8803c9ad1817ce3d8d15d1bb82c2da3feda6bee1153eec5c58fa6e5d3f770",
                "sha256:eb333b90036358a0e2c57373f72e7648d7207b76ef0bd00a4f7daad1f79f5203",
                "sha256:ed1d1351f05e795a527abc04a0d82e9aecd3bdf9f46662c36ff47b0b00ecaf06",
                "sha256:f3dc68272990849132d6698f7dc6df2ab62a88b0d36e54702a8fd16c0490e44f",
                "sha256:f59eded163d9752fd49978e0bab7a1ff21b1b8d25c05f0995d140cc08ac83379",
                "sha256:f5e2d36c86c7b03c94b8459c3bd2c9fe2c7dab4b258b8885617d44a22e453fb7",
                "sha256:f6f65bf54215e4ebf6b01e4bb94c49180a589573df643735107056f7a910275b",
                "sha256:f8450d5ef759dbe59f84f2c9f77491bb3d3c44bc1a573746daf086e70b14c243",
                "sha256:f97d83049715fd9dec7911860ecf0e17b48d8725de01e45de07d8ac0bd5bc378"
            ],
            "version": "==1.0.0"
        },
        "idna": {
            "hashes": [
                "sha256:c357b3f628cf53ae2c4c05627ecc484553142ca23264e593d327bcde5e9c3407",
                "sha256:ea8b7f6188e6fa117537c3df7da9fc686d485087abf6ac197f9c46432f7e4a3c"
            ],
            "version": "==2.8"
        },
        "importlib-metadata": {
            "hashes": [
                "sha256:19192b88d959336bfa6bdaaaef99aeafec179eca19c47c804e555703ee5f07ef",
                "sha256:2e881981c9748d7282b374b68e759c87745c25427b67ecf0cc67fb6637a1bff9"
            ],
            "markers": "python_version < '3.8'",
            "version": "==4.0.0"
        },
        "itsdangerous": {
            "hashes": [
                "sha256:321b033d07f2a4136d3ec762eac9f16a10ccd60f53c0c91af90217ace7ba1f19",
                "sha256:b12271b2047cb23eeb98c8b5622e2e5c5e9abd9784a153e9d8ef9cb4dd09d749"
            ],
            "version": "==1.1.0"
        },
        "jinja2": {
            "hashes": [
                "sha256:03e47ad063331dd6a3f04a43eddca8a966a26ba0c5b7207a9a9e4e08f1b29419",
                "sha256:a6d58433de0ae800347cab1fa3043cebbabe8baa9d29e668f1c768cb87a333c6"
            ],
            "version": "==2.11.3"
        },
        "markupsafe": {
            "hashes": [
                "sha256:00bc623926325b26bb9605ae9eae8a215691f33cae5df11ca5424f06f2d1f473",
                "sha256:09027a7803a62ca78792ad89403b1b7a73a01c8cb65909cd876f7fcebd79b161",
                "sha256:09c4b7f37d6c648cb13f9230d847adf22f8171b1ccc4d5682398e77f40309235",
                "sha256:1027c282dad077d0bae18be6794e6b6b8c91d58ed8a8d89a89d59693b9131db5",
                "sha256:13d3144e1e340870b25e7b10b98d779608c02016d5184cfb9927a9f10c689f42",
                "sha256:195d7d2c4fbb0ee8139a6cf67194f3973a6b3042d742ebe0a9ed36d8b6f0c07f",
                "sha256:22c178a091fc6630d0d045bdb5992d2dfe14e3259760e713c490da5323866c39",
                "sha256:24982cc2533820871eba85ba648cd53d8623687ff11cbb805be4ff7b4c971aff",
                "sha256:29872e92839765e546828bb7754a68c418d927cd064fd4708fab9fe9c8bb116b",
                "sha256:2beec1e0de6924ea551859edb9e7679da6e4870d32cb766240ce17e0a0ba2014",
                "sha256:3b8a6499709d29c2e2399569d96719a1b21dcd94410a586a18526b143ec8470f",
                "sha256:43a55c2930bbc139570ac2452adf3d70cdbb3cfe5912c71cdce1c2c6bbd9c5d1",
                "sha256:46c99d2de99945ec5cb54f23c8cd5689f6d7177305ebff350a58ce5f8de1669e",
                "sha256:500d4957e52ddc3351cabf489e79c91c17f6e0899158447047588650b5e69183",
                "sha256:535f6fc4d397c1563d08b88e485c3496cf5784e927af890fb3c3aac7f933ec66",
                "sha256:596510de112c685489095da617b5bcbbac7dd6384aeebeda4df6025d0256a81b",
                "sha256:62fe6c95e3ec8a7fad637b7f3d372c15ec1caa01ab47926cfdf7a75b40e0eac1",
                "sha256:6788b695d50a51edb699cb55e35487e430fa21f1ed838122d722e0ff0ac5ba15",
                "sha256:6dd73240d2af64df90aa7c4e7481e23825ea70af4b4922f8ede5b9e35f78a3b1",
                "sha256:6f1e273a344928347c1290119b493a1f0303c52f5a5eae5f16d74f48c15d4a85",
                "sha256:6fffc775d90dcc9aed1b89219549b329a9250d918fd0b8fa8d93d154918422e1",
                "sha256:717ba8fe3ae9cc0006d7c451f0bb265ee07739daf76355d06366154ee68d221e",
                "sha256:79855e1c5b8da654cf486b830bd42c06e8780cea587384cf6545b7d9ac013a0b",
                "sha256:7c1699dfe0cf8ff607dbdcc1e9b9af1755371f92a68f706051cc8c37d447c905",
                "sha256:7fed13866cf14bba33e7176717346713881f56d9d2bcebab207f7a036f41b850",
                "sha256:84dee80c15f1b560d55bcfe6d47b27d070b4681c699c572af2e3c7cc90a3b8e0",
                "sha256:88e5fcfb52ee7b911e8bb6d6aa2fd21fbecc674eadd44118a9cc3863f938e735",
                "sha256:8defac2f2ccd6805ebf65f5eeb132adcf2ab57aa11fdf4c0dd5169a004710e7d",
                "sha256:98bae9582248d6cf62321dcb52aaf5d9adf0bad3b40582925ef7c7f0ed85fceb",
                "sha256:98c7086708b163d425c67c7a91bad6e466bb99d797aa64f965e9d25c12111a5e",
                "sha256:9add70b36c5666a2ed02b43b335fe19002ee5235efd4b8a89bfcf9005bebac0d",
                "sha256:9bf40443012702a1d2070043cb6291650a0841ece432556f784f004937f0f32c",
                "sha256:a6a744282b7718a2a62d2ed9d993cad6f5f585605ad352c11de459f4108df0a1",
                "sha256:acf08ac40292838b3cbbb06cfe9b2cb9ec78fce8baca31ddb87aaac2e2dc3bc2",
                "sha256:ade5e387d2ad0d7ebf59146cc00c8044acbd863725f887353a10df825fc8ae21",
                "sha256:b00c1de48212e4cc9603895652c5c410df699856a2853135b3967591e4beebc2",
                "sha256:b1282f8c00509d99fef04d8ba936b156d419be841854fe901d8ae224c59f0be5",
                "sha256:b1dba4527182c95a0db8b6060cc98ac49b9e2f5e64320e2b56e47cb2831978c7",
                "sha256:b2051432115498d3562c084a49bba65d97cf251f5a331c64a12ee7e04dacc51b",
                "sha256:b7d644ddb4dbd407d31ffb699f1d140bc35478da613b441c582aeb7c43838dd8",
                "sha256:ba59edeaa2fc6114428f1637ffff42da1e311e29382d81b339c1817d37ec93c6",
                "sha256:bf5aa3cbcfdf57fa2ee9cd1822c862ef23037f5c832ad09cfea57fa846dec193",
                "sha256:c8716a48d94b06bb3b2524c2b77e055fb313aeb4ea620c8dd03a105574ba704f",
                "sha256:caabedc8323f1e93231b52fc32bdcde6db817623d33e100708d9a68e1f53b26b",
                "sha256:cd5df75523866410809ca100dc9681e301e3c27567cf498077e8551b6d20e42f",
                "sha256:cdb132fc825c38e1aeec2c8aa9338310d29d337bebbd7baa06889d09a60a1fa2",
                "sha256:d53bc011414228441014aa71dbec320c66468c1030aae3a6e29778a3382d96e5",
                "sha256:d73a845f227b0bfe8a7455ee623525ee656a9e2e749e4742706d80a6065d5e2c",
                "sha256:d9be0ba6c527163cbed5e0857c451fcd092ce83947944d6c14bc95441203f032",
                "sha256:e249096428b3ae81b08327a63a485ad0878de3fb939049038579ac0ef61e17e7",
                "sha256:e8313f01ba26fbbe36c7be1966a7b7424942f670f38e666995b88d012765b9be",
                "sha256:feb7b34d6325451ef96bc0e36e1a6c0c1c64bc1fbec4b854f4529e51887b1621"
            ],
            "version": "==1.1.1"
        },
        "monotonic": {
            "hashes": [
                "sha256:68687e19a14f11f26d140dd5c86f3dba4bf5df58003000ed467e0e2a69bca96c"
            ],
            "version": "==1.6"
        },
        "more-itertools": {
            "hashes": [
                "sha256:409cd48d4db7052af495b09dec721011634af3753ae1ef92d2b32f73a745f832",
                "sha256:92b8c4b06dac4f0611c0729b2f2ede52b2e1bac1ab48f089c7ddc12e26bb60c4"
            ],
            "index": "pypi",
            "version": "==7.2.0"
        },
        "packaging": {
            "hashes": [
                "sha256:5b327ac1320dc863dca72f4514ecc086f31186744b84a230374cc1fd776feae5",
                "sha256:67714da7f7bc052e064859c05c595155bd1ee9f69f76557e21f051443c20947a"
            ],
            "version": "==20.9"
        },
        "pluggy": {
            "hashes": [
                "sha256:15b2acde666561e1298d71b523007ed7364de07029219b604cf808bfa1c765b0",
                "sha256:966c145cd83c96502c3c3868f50408687b38434af77734af1e9ca461a4081d2d"
            ],
            "version": "==0.13.1"
        },
        "psycopg2": {
            "hashes": [
                "sha256:4212ca404c4445dc5746c0d68db27d2cbfb87b523fe233dc84ecd24062e35677",
                "sha256:47fc642bf6f427805daf52d6e52619fe0637648fe27017062d898f3bf891419d",
                "sha256:72772181d9bad1fa349792a1e7384dde56742c14af2b9986013eb94a240f005b",
                "sha256:8396be6e5ff844282d4d49b81631772f80dabae5658d432202faf101f5283b7c",
                "sha256:893c11064b347b24ecdd277a094413e1954f8a4e8cdaf7ffbe7ca3db87c103f0",
                "sha256:92a07dfd4d7c325dd177548c4134052d4842222833576c8391aab6f74038fc3f",
                "sha256:965c4c93e33e6984d8031f74e51227bd755376a9df6993774fd5b6fb3288b1f4",
                "sha256:9ab75e0b2820880ae24b7136c4d230383e07db014456a476d096591172569c38",
                "sha256:b0845e3bdd4aa18dc2f9b6fb78fbd3d9d371ad167fd6d1b7ad01c0a6cdad4fc6",
                "sha256:dca2d7203f0dfce8ea4b3efd668f8ea65cd2b35112638e488a4c12594015f67b",
                "sha256:ed686e5926929887e2c7ae0a700e32c6129abb798b4ad2b846e933de21508151",
                "sha256:ef6df7e14698e79c59c7ee7cf94cd62e5b869db369ed4b1b8f7b729ea825712a",
                "sha256:f898e5cc0a662a9e12bde6f931263a1bbd350cfb18e1d5336a12927851825bb6"
            ],
            "index": "pypi",
            "version": "==2.8.4"
        },
        "py": {
            "hashes": [
                "sha256:21b81bda15b66ef5e1a777a21c4dcd9c20ad3efd0b3f817e7a809035269e1bd3",
                "sha256:3b80836aa6d1feeaa108e046da6423ab8f6ceda6468545ae8d02d9d58d18818a"
            ],
            "index": "pypi",
            "version": "==1.10.0"
        },
        "pyodbc": {
            "hashes": [
                "sha256:1b87eddbd50a8ef2703ca98dae69e3c83b04aaa7be0f5ae2d8a16fc56f6fe33c",
                "sha256:2b5628e1bb56e60f22514b058b591a60b013fcfa5c6d712265608cc0e089a2cd",
                "sha256:3e4a24a5136f631b7097f1fd457cb9c4f4fed2e92101f98040b6d09f7b71eb52",
                "sha256:52a3a0bc7907cdc0445678c31504cdabfde5ca7b045861ab1182f32064ff9b57",
                "sha256:561a09f26bc3d7dfb1289758c5986ed2dffd5a255cbbca691f23b65089290585",
                "sha256:7272ddd060f98bfe4bcb932a82054bdee1f93b22df521b6279dd45b9af75d046",
                "sha256:7340c360d40f7b28de1f331a7737cdea0429982651ab09014942d62acb08a7c2",
                "sha256:ad442d09a22cf9cdf196747536c66655e0c0aa26acb6d011310bf7be1c8b4395",
                "sha256:b213a6a4f0e8edcb6fb4fba39c0f55352f59a37fe4d423fd6c1c30396bd92434",
                "sha256:b7cd40840645f44c0aca5ea58d501c4d06621d1f1ec261c43e4d72e0a0aa37b4",
                "sha256:c059fda16b106b3cd6715ee4e2b863b367e567fd17f8eba8f1a47e5d3d1c2457",
                "sha256:c348a3767fc7c729a541bb3a8cf12e944153f715c50fc7898aa7ab2e26b350ec",
                "sha256:cc47196dec430c9832ea5349eacbb3942431eff4b3432fc2a146013715ba9862",
                "sha256:f1fd237342fe1d716f00cb09cbf6d84c4e7efb011361a662a8480e27d8f5bba0"
            ],
            "index": "pypi",
            "version": "==4.0.27"
        },
        "pyparsing": {
            "hashes": [
                "sha256:c203ec8783bf771a155b207279b9bccb8dea02d8f0c9e5f8ead507bc3246ecc1",
                "sha256:ef9d7589ef3c200abe66653d3f1ab1033c3c419ae9b9bdb1240a85b024efc88b"
            ],
            "version": "==2.4.7"
        },
        "pytest": {
            "hashes": [
                "sha256:27abc3fef618a01bebb1f0d6d303d2816a99aa87a5968ebc32fe971be91eb1e6",
                "sha256:58cee9e09242937e136dbb3dab466116ba20d6b7828c7620f23947f37eb4dae4"
            ],
            "index": "pypi",
            "version": "==5.2.2"
        },
        "python-engineio": {
            "hashes": [
                "sha256:21e1bcc62f5573a4bb1c805e69915c5a4c5aa953005dde6c2f707c24554c1020",
                "sha256:c0216b0f9584d6dd632dfd4e2b624d2cf5e97a55443a467f52b928b7e3e08998"
            ],
            "version": "==4.1.0"
        },
        "python-socketio": {
            "hashes": [
                "sha256:356a8a480fa316295b439d63a5f35a7a59fe65cee1ae35dee28e87d00e5aead6",
                "sha256:8db0653e49389e609aa1048bdbc49da9b8d8ecdcf54e3c1e4c9cc37402cfdaef"
            ],
            "version": "==5.2.1"
        },
        "requests": {
            "hashes": [
                "sha256:11e007a8a2aa0323f5a921e9e6a2d7e4e67d9877e85773fba9ba6419025cbeb4",
                "sha256:9cf5292fcd0f598c671cfc1e0d7d1a7f13bb8085e9a590f48c010551dc6c4b31"
            ],
            "index": "pypi",
            "version": "==2.22.0"
        },
        "requests-futures": {
            "hashes": [
                "sha256:35547502bf1958044716a03a2f47092a89efe8f9789ab0c4c528d9c9c30bc148"
            ],
            "index": "pypi",
            "version": "==1.0.0"
        },
        "six": {
            "hashes": [
                "sha256:30639c035cdb23534cd4aa2dd52c3bf48f06e5f4a941509c8bafd8ce11080259",
                "sha256:8b74bedcbbbaca38ff6d7491d76f2b06b3592611af620f8426e82dddb04a5ced"
            ],
            "version": "==1.15.0"
        },
        "sqlalchemy": {
            "hashes": [
                "sha256:afa5541e9dea8ad0014251bc9d56171ca3d8b130c9627c6cb3681cff30be3f8a"
            ],
            "index": "pypi",
            "version": "==1.3.11"
        },
        "toolz": {
            "hashes": [
                "sha256:08fdd5ef7c96480ad11c12d472de21acd32359996f69a5259299b540feba4560"
            ],
            "index": "pypi",
            "version": "==0.10.0"
        },
        "typing-extensions": {
            "hashes": [
                "sha256:7cb407020f00f7bfc3cb3e7881628838e69d8f3fcab2f64742a5e76b2f841918",
                "sha256:99d4073b617d30288f569d3f13d2bd7548c3a7e4c8de87db09a9d29bb3a4a60c",
                "sha256:dafc7639cde7f1b6e1acc0f457842a83e722ccca8eef5270af2d74792619a89f"
            ],
            "markers": "python_version < '3.8'",
            "version": "==3.7.4.3"
        },
        "urllib3": {
            "hashes": [
                "sha256:8d7eaa5a82a1cac232164990f04874c594c9453ec55eef02eab885aa02fc17a2",
                "sha256:f5321fbe4bf3fefa0efd0bfe7fb14e90909eb62a48ccda331726b4319897dd5e"
            ],
            "version": "==1.25.11"
        },
        "visitor": {
            "hashes": [
                "sha256:2c737903b2b6864ebc6167eef7cf3b997126f1aa94bdf590f90f1436d23e480a"
            ],
            "version": "==0.1.3"
        },
        "wcwidth": {
            "hashes": [
                "sha256:beb4802a9cebb9144e99086eff703a642a13d6a0052920003a230f3294bbe784",
                "sha256:c4d647b99872929fdb7bdcaa4fbe7f01413ed3d98077df798530e5b04f116c83"
            ],
            "version": "==0.2.5"
        },
        "werkzeug": {
            "hashes": [
                "sha256:2de2a5db0baeae7b2d2664949077c2ac63fbd16d98da0ff71837f7d1dea3fd43",
                "sha256:6c80b1e5ad3665290ea39320b91e1be1e0d5f60652b964a3070216de83d2e47c"
            ],
            "version": "==1.0.1"
        },
        "wtforms": {
            "hashes": [
                "sha256:7b504fc724d0d1d4d5d5c114e778ec88c37ea53144683e084215eed5155ada4c",
                "sha256:81195de0ac94fbc8368abbaf9197b88c4f3ffd6c2719b5bf5fc9da744f3d829c"
            ],
            "version": "==2.3.3"
        },
        "zipp": {
            "hashes": [
                "sha256:3607921face881ba3e026887d8150cca609d517579abe052ac81fc5aeffdbd76",
                "sha256:51cb66cc54621609dd593d1787f286ee42a5c0adbb4b29abea5a63edc3e03098"
            ],
            "version": "==3.4.1"
        }
    },
    "develop": {}
}
